# THIS IS AN AUTOGENERATED FILE. DO NOT EDIT THIS FILE DIRECTLY.
# yarn lockfile v1


"@babel/runtime-corejs3@^7.10.2":
  version "7.13.9"
  resolved "https://registry.yarnpkg.com/@babel/runtime-corejs3/-/runtime-corejs3-7.13.9.tgz#b2fa9a6e5690ef8d4c4f2d30cac3ec1a8bb633ce"
  integrity sha512-p6WSr71+5u/VBf1KDS/Y4dK3ZwbV+DD6wQO3X2EbUVluEOiyXUk09DzcwSaUH4WomYXrEPC+i2rqzuthhZhOJw==
  dependencies:
    core-js-pure "^3.0.0"
    regenerator-runtime "^0.13.4"

"@babel/runtime@^7.10.2", "@babel/runtime@^7.11.2":
  version "7.13.9"
  resolved "https://registry.yarnpkg.com/@babel/runtime/-/runtime-7.13.9.tgz#97dbe2116e2630c489f22e0656decd60aaa1fcee"
  integrity sha512-aY2kU+xgJ3dJ1eU6FMB9EH8dIe8dmusF1xEku52joLvw6eAFN0AI+WxCLDnpev2LEejWBAy2sBvBOBAjI3zmvA==
  dependencies:
    regenerator-runtime "^0.13.4"

"@types/prop-types@*":
  version "15.7.3"
  resolved "https://registry.npm.taobao.org/@types/prop-types/download/@types/prop-types-15.7.3.tgz#2ab0d5da2e5815f94b0b9d4b95d1e5f243ab2ca7"
  integrity sha1-KrDV2i5YFflLC51LldHl8kOrLKc=

"@types/react-dom@17.0.0":
  version "17.0.0"
  resolved "https://registry.npm.taobao.org/@types/react-dom/download/@types/react-dom-17.0.0.tgz?cache=0&sync_timestamp=1613155087966&other_urls=https%3A%2F%2Fregistry.npm.taobao.org%2F%40types%2Freact-dom%2Fdownload%2F%40types%2Freact-dom-17.0.0.tgz#b3b691eb956c4b3401777ee67b900cb28415d95a"
  integrity sha1-s7aR65VsSzQBd37me5AMsoQV2Vo=
  dependencies:
    "@types/react" "*"

"@types/react@*", "@types/react@^17.0.0":
  version "17.0.2"
  resolved "https://registry.npm.taobao.org/@types/react/download/@types/react-17.0.2.tgz?cache=0&sync_timestamp=1613153222970&other_urls=https%3A%2F%2Fregistry.npm.taobao.org%2F%40types%2Freact%2Fdownload%2F%40types%2Freact-17.0.2.tgz#3de24c4efef902dd9795a49c75f760cbe4f7a5a8"
  integrity sha1-PeJMTv75At2XlaScdfdgy+T3pag=
  dependencies:
    "@types/prop-types" "*"
    csstype "^3.0.2"

aria-query@^4.2.2:
  version "4.2.2"
  resolved "https://registry.yarnpkg.com/aria-query/-/aria-query-4.2.2.tgz#0d2ca6c9aceb56b8977e9fed6aed7e15bbd2f83b"
  integrity sha512-o/HelwhuKpTj/frsOsbNLNgnNGVIFsVP/SW2BSF14gVl7kAfMOJ6/8wUAUvG1R1NHKrfG+2sHZTu0yauT1qBrA==
  dependencies:
    "@babel/runtime" "^7.10.2"
    "@babel/runtime-corejs3" "^7.10.2"

array-includes@^3.1.1, array-includes@^3.1.2:
  version "3.1.3"
  resolved "https://registry.yarnpkg.com/array-includes/-/array-includes-3.1.3.tgz#c7f619b382ad2afaf5326cddfdc0afc61af7690a"
  integrity sha512-gcem1KlBU7c9rB+Rq8/3PPKsK2kjqeEBa3bD5kkQo4nYlOHQCJqIJFqBXDEfwaRuYTT4E+FxA9xez7Gf/e3Q7A==
  dependencies:
    call-bind "^1.0.2"
    define-properties "^1.1.3"
    es-abstract "^1.18.0-next.2"
    get-intrinsic "^1.1.1"
    is-string "^1.0.5"

ast-types-flow@^0.0.7:
  version "0.0.7"
  resolved "https://registry.yarnpkg.com/ast-types-flow/-/ast-types-flow-0.0.7.tgz#f70b735c6bca1a5c9c22d982c3e39e7feba3bdad"
  integrity sha1-9wtzXGvKGlycItmCw+Oef+ujva0=

axe-core@^4.0.2:
  version "4.1.3"
  resolved "https://registry.yarnpkg.com/axe-core/-/axe-core-4.1.3.tgz#64a4c85509e0991f5168340edc4bedd1ceea6966"
  integrity sha512-vwPpH4Aj4122EW38mxO/fxhGKtwWTMLDIJfZ1He0Edbtjcfna/R3YB67yVhezUMzqc3Jr3+Ii50KRntlENL4xQ==

axobject-query@^2.2.0:
  version "2.2.0"
  resolved "https://registry.yarnpkg.com/axobject-query/-/axobject-query-2.2.0.tgz#943d47e10c0b704aa42275e20edf3722648989be"
  integrity sha512-Td525n+iPOOyUQIeBfcASuG6uJsDOITl7Mds5gFyerkWiX7qhUTdYUBlSgNMyVqtSJqwpt1kXGLdUt6SykLMRA==

call-bind@^1.0.0, call-bind@^1.0.2:
  version "1.0.2"
  resolved "https://registry.yarnpkg.com/call-bind/-/call-bind-1.0.2.tgz#b1d4e89e688119c3c9a903ad30abb2f6a919be3c"
  integrity sha512-7O+FbCihrB5WGbFYesctwmTKae6rOiIzmz1icreWJ+0aA7LJfuqhEso2T9ncpcFtzMQtzXf2QGGueWJGTYsqrA==
  dependencies:
    function-bind "^1.1.1"
    get-intrinsic "^1.0.2"

core-js-pure@^3.0.0:
  version "3.9.1"
  resolved "https://registry.yarnpkg.com/core-js-pure/-/core-js-pure-3.9.1.tgz#677b322267172bd490e4464696f790cbc355bec5"
  integrity sha512-laz3Zx0avrw9a4QEIdmIblnVuJz8W51leY9iLThatCsFawWxC3sE4guASC78JbCin+DkwMpCdp1AVAuzL/GN7A==

csstype@^3.0.2:
  version "3.0.7"
  resolved "https://registry.npm.taobao.org/csstype/download/csstype-3.0.7.tgz?cache=0&sync_timestamp=1614159885468&other_urls=https%3A%2F%2Fregistry.npm.taobao.org%2Fcsstype%2Fdownload%2Fcsstype-3.0.7.tgz#2a5fb75e1015e84dd15692f71e89a1450290950b"
  integrity sha1-Kl+3XhAV6E3RVpL3HomhRQKQlQs=

damerau-levenshtein@^1.0.6:
  version "1.0.6"
  resolved "https://registry.yarnpkg.com/damerau-levenshtein/-/damerau-levenshtein-1.0.6.tgz#143c1641cb3d85c60c32329e26899adea8701791"
  integrity sha512-JVrozIeElnj3QzfUIt8tB8YMluBJom4Vw9qTPpjGYQ9fYlB3D/rb6OordUxf3xeFB35LKWs0xqcO5U6ySvBtug==

define-properties@^1.1.3:
  version "1.1.3"
  resolved "https://registry.yarnpkg.com/define-properties/-/define-properties-1.1.3.tgz#cf88da6cbee26fe6db7094f61d870cbd84cee9f1"
  integrity sha512-3MqfYKj2lLzdMSf8ZIZE/V+Zuy+BgD6f164e8K2w7dgnpKArBDerGYpM46IYYcjnkdPNMjPk9A6VFB8+3SKlXQ==
  dependencies:
    object-keys "^1.0.12"

emoji-regex@^9.0.0:
  version "9.2.2"
  resolved "https://registry.yarnpkg.com/emoji-regex/-/emoji-regex-9.2.2.tgz#840c8803b0d8047f4ff0cf963176b32d4ef3ed72"
  integrity sha512-L18DaJsXSUk2+42pv8mLs5jJT2hqFkFE4j21wOmgbUqsZ2hL72NsUU785g9RXgo3s0ZNgVl42TiHp3ZtOv/Vyg==

es-abstract@^1.18.0-next.2:
  version "1.18.0"
  resolved "https://registry.yarnpkg.com/es-abstract/-/es-abstract-1.18.0.tgz#ab80b359eecb7ede4c298000390bc5ac3ec7b5a4"
  integrity sha512-LJzK7MrQa8TS0ja2w3YNLzUgJCGPdPOV1yVvezjNnS89D+VR08+Szt2mz3YB2Dck/+w5tfIq/RoUAFqJJGM2yw==
  dependencies:
    call-bind "^1.0.2"
    es-to-primitive "^1.2.1"
    function-bind "^1.1.1"
    get-intrinsic "^1.1.1"
    has "^1.0.3"
    has-symbols "^1.0.2"
    is-callable "^1.2.3"
    is-negative-zero "^2.0.1"
    is-regex "^1.1.2"
    is-string "^1.0.5"
    object-inspect "^1.9.0"
    object-keys "^1.1.1"
    object.assign "^4.1.2"
    string.prototype.trimend "^1.0.4"
    string.prototype.trimstart "^1.0.4"
    unbox-primitive "^1.0.0"

es-to-primitive@^1.2.1:
  version "1.2.1"
  resolved "https://registry.yarnpkg.com/es-to-primitive/-/es-to-primitive-1.2.1.tgz#e55cd4c9cdc188bcefb03b366c736323fc5c898a"
  integrity sha512-QCOllgZJtaUo9miYBcLChTUaHNjJF3PYs1VidD7AwiEj1kYxKeQTctLAezAOH5ZKRH0g2IgPn6KwB4IT8iRpvA==
  dependencies:
    is-callable "^1.1.4"
    is-date-object "^1.0.1"
    is-symbol "^1.0.2"

eslint-plugin-jsx-a11y@^6.4.1:
  version "6.4.1"
  resolved "https://registry.yarnpkg.com/eslint-plugin-jsx-a11y/-/eslint-plugin-jsx-a11y-6.4.1.tgz#a2d84caa49756942f42f1ffab9002436391718fd"
  integrity sha512-0rGPJBbwHoGNPU73/QCLP/vveMlM1b1Z9PponxO87jfr6tuH5ligXbDT6nHSSzBC8ovX2Z+BQu7Bk5D/Xgq9zg==
  dependencies:
    "@babel/runtime" "^7.11.2"
    aria-query "^4.2.2"
    array-includes "^3.1.1"
    ast-types-flow "^0.0.7"
    axe-core "^4.0.2"
    axobject-query "^2.2.0"
    damerau-levenshtein "^1.0.6"
    emoji-regex "^9.0.0"
    has "^1.0.3"
    jsx-ast-utils "^3.1.0"
    language-tags "^1.0.5"

function-bind@^1.1.1:
  version "1.1.1"
  resolved "https://registry.yarnpkg.com/function-bind/-/function-bind-1.1.1.tgz#a56899d3ea3c9bab874bb9773b7c5ede92f4895d"
  integrity sha512-yIovAzMX49sF8Yl58fSCWJ5svSLuaibPxXQJFLmBObTuCr0Mf1KiPopGM9NiFjiYBCbfaa2Fh6breQ6ANVTI0A==

get-intrinsic@^1.0.2, get-intrinsic@^1.1.1:
  version "1.1.1"
  resolved "https://registry.yarnpkg.com/get-intrinsic/-/get-intrinsic-1.1.1.tgz#15f59f376f855c446963948f0d24cd3637b4abc6"
  integrity sha512-kWZrnVM42QCiEA2Ig1bG8zjoIMOgxWwYCEeNdwY6Tv/cOSeGpcoX4pXHfKUxNKVoArnrEr2e9srnAxxGIraS9Q==
  dependencies:
    function-bind "^1.1.1"
    has "^1.0.3"
    has-symbols "^1.0.1"

has-bigints@^1.0.0:
  version "1.0.1"
  resolved "https://registry.yarnpkg.com/has-bigints/-/has-bigints-1.0.1.tgz#64fe6acb020673e3b78db035a5af69aa9d07b113"
  integrity sha512-LSBS2LjbNBTf6287JEbEzvJgftkF5qFkmCo9hDRpAzKhUOlJ+hx8dd4USs00SgsUNwc4617J9ki5YtEClM2ffA==

has-symbols@^1.0.0, has-symbols@^1.0.1, has-symbols@^1.0.2:
  version "1.0.2"
  resolved "https://registry.yarnpkg.com/has-symbols/-/has-symbols-1.0.2.tgz#165d3070c00309752a1236a479331e3ac56f1423"
  integrity sha512-chXa79rL/UC2KlX17jo3vRGz0azaWEx5tGqZg5pO3NUyEJVB17dMruQlzCCOfUvElghKcm5194+BCRvi2Rv/Gw==

has@^1.0.3:
  version "1.0.3"
  resolved "https://registry.yarnpkg.com/has/-/has-1.0.3.tgz#722d7cbfc1f6aa8241f16dd814e011e1f41e8796"
  integrity sha512-f2dvO0VU6Oej7RkWJGrehjbzMAjFp5/VKPp5tTpWIV4JHHZK1/BxbFRtf/siA2SWTe09caDmVtYYzWEIbBS4zw==
  dependencies:
    function-bind "^1.1.1"

is-bigint@^1.0.1:
  version "1.0.1"
  resolved "https://registry.yarnpkg.com/is-bigint/-/is-bigint-1.0.1.tgz#6923051dfcbc764278540b9ce0e6b3213aa5ebc2"
  integrity sha512-J0ELF4yHFxHy0cmSxZuheDOz2luOdVvqjwmEcj8H/L1JHeuEDSDbeRP+Dk9kFVk5RTFzbucJ2Kb9F7ixY2QaCg==

is-boolean-object@^1.1.0:
  version "1.1.0"
  resolved "https://registry.yarnpkg.com/is-boolean-object/-/is-boolean-object-1.1.0.tgz#e2aaad3a3a8fca34c28f6eee135b156ed2587ff0"
  integrity sha512-a7Uprx8UtD+HWdyYwnD1+ExtTgqQtD2k/1yJgtXP6wnMm8byhkoTZRl+95LLThpzNZJ5aEvi46cdH+ayMFRwmA==
  dependencies:
    call-bind "^1.0.0"

is-callable@^1.1.4, is-callable@^1.2.3:
  version "1.2.3"
  resolved "https://registry.yarnpkg.com/is-callable/-/is-callable-1.2.3.tgz#8b1e0500b73a1d76c70487636f368e519de8db8e"
  integrity sha512-J1DcMe8UYTBSrKezuIUTUwjXsho29693unXM2YhJUTR2txK/eG47bvNa/wipPFmZFgr/N6f1GA66dv0mEyTIyQ==

is-date-object@^1.0.1:
  version "1.0.2"
  resolved "https://registry.yarnpkg.com/is-date-object/-/is-date-object-1.0.2.tgz#bda736f2cd8fd06d32844e7743bfa7494c3bfd7e"
  integrity sha512-USlDT524woQ08aoZFzh3/Z6ch9Y/EWXEHQ/AaRN0SkKq4t2Jw2R2339tSXmwuVoY7LLlBCbOIlx2myP/L5zk0g==

is-negative-zero@^2.0.1:
  version "2.0.1"
  resolved "https://registry.yarnpkg.com/is-negative-zero/-/is-negative-zero-2.0.1.tgz#3de746c18dda2319241a53675908d8f766f11c24"
  integrity sha512-2z6JzQvZRa9A2Y7xC6dQQm4FSTSTNWjKIYYTt4246eMTJmIo0Q+ZyOsU66X8lxK1AbB92dFeglPLrhwpeRKO6w==

is-number-object@^1.0.4:
  version "1.0.4"
  resolved "https://registry.yarnpkg.com/is-number-object/-/is-number-object-1.0.4.tgz#36ac95e741cf18b283fc1ddf5e83da798e3ec197"
  integrity sha512-zohwelOAur+5uXtk8O3GPQ1eAcu4ZX3UwxQhUlfFFMNpUd83gXgjbhJh6HmB6LUNV/ieOLQuDwJO3dWJosUeMw==

is-regex@^1.1.2:
  version "1.1.2"
  resolved "https://registry.yarnpkg.com/is-regex/-/is-regex-1.1.2.tgz#81c8ebde4db142f2cf1c53fc86d6a45788266251"
  integrity sha512-axvdhb5pdhEVThqJzYXwMlVuZwC+FF2DpcOhTS+y/8jVq4trxyPgfcwIxIKiyeuLlSQYKkmUaPQJ8ZE4yNKXDg==
  dependencies:
    call-bind "^1.0.2"
    has-symbols "^1.0.1"

is-string@^1.0.5:
  version "1.0.5"
  resolved "https://registry.yarnpkg.com/is-string/-/is-string-1.0.5.tgz#40493ed198ef3ff477b8c7f92f644ec82a5cd3a6"
  integrity sha512-buY6VNRjhQMiF1qWDouloZlQbRhDPCebwxSjxMjxgemYT46YMd2NR0/H+fBhEfWX4A/w9TBJ+ol+okqJKFE6vQ==

is-symbol@^1.0.2, is-symbol@^1.0.3:
  version "1.0.3"
  resolved "https://registry.yarnpkg.com/is-symbol/-/is-symbol-1.0.3.tgz#38e1014b9e6329be0de9d24a414fd7441ec61937"
  integrity sha512-OwijhaRSgqvhm/0ZdAcXNZt9lYdKFpcRDT5ULUuYXPoT794UNOdU+gpT6Rzo7b4V2HUl/op6GqY894AZwv9faQ==
  dependencies:
    has-symbols "^1.0.1"

"js-tokens@^3.0.0 || ^4.0.0":
  version "4.0.0"
  resolved "https://registry.npm.taobao.org/js-tokens/download/js-tokens-4.0.0.tgz#19203fb59991df98e3a287050d4647cdeaf32499"
  integrity sha1-GSA/tZmR35jjoocFDUZHzerzJJk=

jsx-ast-utils@^3.1.0:
  version "3.2.0"
  resolved "https://registry.yarnpkg.com/jsx-ast-utils/-/jsx-ast-utils-3.2.0.tgz#41108d2cec408c3453c1bbe8a4aae9e1e2bd8f82"
  integrity sha512-EIsmt3O3ljsU6sot/J4E1zDRxfBNrhjyf/OKjlydwgEimQuznlM4Wv7U+ueONJMyEn1WRE0K8dhi3dVAXYT24Q==
  dependencies:
    array-includes "^3.1.2"
    object.assign "^4.1.2"

language-subtag-registry@~0.3.2:
  version "0.3.21"
  resolved "https://registry.yarnpkg.com/language-subtag-registry/-/language-subtag-registry-0.3.21.tgz#04ac218bea46f04cb039084602c6da9e788dd45a"
  integrity sha512-L0IqwlIXjilBVVYKFT37X9Ih11Um5NEl9cbJIuU/SwP/zEEAbBPOnEeeuxVMf45ydWQRDQN3Nqc96OgbH1K+Pg==

language-tags@^1.0.5:
  version "1.0.5"
  resolved "https://registry.yarnpkg.com/language-tags/-/language-tags-1.0.5.tgz#d321dbc4da30ba8bf3024e040fa5c14661f9193a"
  integrity sha1-0yHbxNowuovzAk4ED6XBRmH5GTo=
  dependencies:
    language-subtag-registry "~0.3.2"

loose-envify@^1.1.0:
  version "1.4.0"
  resolved "https://registry.npm.taobao.org/loose-envify/download/loose-envify-1.4.0.tgz#71ee51fa7be4caec1a63839f7e682d8132d30caf"
  integrity sha1-ce5R+nvkyuwaY4OffmgtgTLTDK8=
  dependencies:
    js-tokens "^3.0.0 || ^4.0.0"

object-assign@^4.1.1:
  version "4.1.1"
  resolved "https://registry.npm.taobao.org/object-assign/download/object-assign-4.1.1.tgz#2109adc7965887cfc05cbbd442cac8bfbb360863"
  integrity sha1-IQmtx5ZYh8/AXLvUQsrIv7s2CGM=

object-inspect@^1.9.0:
  version "1.9.0"
  resolved "https://registry.yarnpkg.com/object-inspect/-/object-inspect-1.9.0.tgz#c90521d74e1127b67266ded3394ad6116986533a"
  integrity sha512-i3Bp9iTqwhaLZBxGkRfo5ZbE07BQRT7MGu8+nNgwW9ItGp1TzCTw2DLEoWwjClxBjOFI/hWljTAmYGCEwmtnOw==

object-keys@^1.0.12, object-keys@^1.1.1:
  version "1.1.1"
  resolved "https://registry.yarnpkg.com/object-keys/-/object-keys-1.1.1.tgz#1c47f272df277f3b1daf061677d9c82e2322c60e"
  integrity sha512-NuAESUOUMrlIXOfHKzD6bpPu3tYt3xvjNdRIQ+FeT0lNb4K8WR70CaDxhuNguS2XG+GjkyMwOzsN5ZktImfhLA==

object.assign@^4.1.2:
  version "4.1.2"
  resolved "https://registry.yarnpkg.com/object.assign/-/object.assign-4.1.2.tgz#0ed54a342eceb37b38ff76eb831a0e788cb63940"
  integrity sha512-ixT2L5THXsApyiUPYKmW+2EHpXXe5Ii3M+f4e+aJFAHao5amFRW6J0OO6c/LU8Be47utCx2GL89hxGB6XSmKuQ==
  dependencies:
    call-bind "^1.0.0"
    define-properties "^1.1.3"
    has-symbols "^1.0.1"
    object-keys "^1.1.1"

react-dom@^17.0.1:
  version "17.0.1"
  resolved "https://registry.npm.taobao.org/react-dom/download/react-dom-17.0.1.tgz?cache=0&sync_timestamp=1614788350642&other_urls=https%3A%2F%2Fregistry.npm.taobao.org%2Freact-dom%2Fdownload%2Freact-dom-17.0.1.tgz#1de2560474ec9f0e334285662ede52dbc5426fc6"
  integrity sha1-HeJWBHTsnw4zQoVmLt5S28VCb8Y=
  dependencies:
    loose-envify "^1.1.0"
    object-assign "^4.1.1"
    scheduler "^0.20.1"

react@^17.0.1:
  version "17.0.1"
  resolved "https://registry.npm.taobao.org/react/download/react-17.0.1.tgz?cache=0&sync_timestamp=1614788247535&other_urls=https%3A%2F%2Fregistry.npm.taobao.org%2Freact%2Fdownload%2Freact-17.0.1.tgz#6e0600416bd57574e3f86d92edba3d9008726127"
  integrity sha1-bgYAQWvVdXTj+G2S7bo9kAhyYSc=
  dependencies:
    loose-envify "^1.1.0"
    object-assign "^4.1.1"

regenerator-runtime@^0.13.4:
  version "0.13.7"
  resolved "https://registry.yarnpkg.com/regenerator-runtime/-/regenerator-runtime-0.13.7.tgz#cac2dacc8a1ea675feaabaeb8ae833898ae46f55"
  integrity sha512-a54FxoJDIr27pgf7IgeQGxmqUNYrcV338lf/6gH456HZ/PhX+5BcwHXG9ajESmwe6WRO0tAzRUrRmNONWgkrew==

scheduler@^0.20.1:
  version "0.20.1"
  resolved "https://registry.npm.taobao.org/scheduler/download/scheduler-0.20.1.tgz#da0b907e24026b01181ecbc75efdc7f27b5a000c"
  integrity sha1-2guQfiQCawEYHsvHXv3H8ntaAAw=
  dependencies:
    loose-envify "^1.1.0"
    object-assign "^4.1.1"

string.prototype.trimend@^1.0.4:
  version "1.0.4"
  resolved "https://registry.yarnpkg.com/string.prototype.trimend/-/string.prototype.trimend-1.0.4.tgz#e75ae90c2942c63504686c18b287b4a0b1a45f80"
  integrity sha512-y9xCjw1P23Awk8EvTpcyL2NIr1j7wJ39f+k6lvRnSMz+mz9CGz9NYPelDk42kOz6+ql8xjfK8oYzy3jAP5QU5A==
  dependencies:
    call-bind "^1.0.2"
    define-properties "^1.1.3"

string.prototype.trimstart@^1.0.4:
  version "1.0.4"
  resolved "https://registry.yarnpkg.com/string.prototype.trimstart/-/string.prototype.trimstart-1.0.4.tgz#b36399af4ab2999b4c9c648bd7a3fb2bb26feeed"
  integrity sha512-jh6e984OBfvxS50tdY2nRZnoC5/mLFKOREQfw8t5yytkoUsJRNxvI/E39qu1sD0OtWI3OC0XgKSmcWwziwYuZw==
  dependencies:
    call-bind "^1.0.2"
    define-properties "^1.1.3"

unbox-primitive@^1.0.0:
  version "1.0.0"
  resolved "https://registry.yarnpkg.com/unbox-primitive/-/unbox-primitive-1.0.0.tgz#eeacbc4affa28e9b3d36b5eaeccc50b3251b1d3f"
  integrity sha512-P/51NX+JXyxK/aigg1/ZgyccdAxm5K1+n8+tvqSntjOivPt19gvm1VC49RWYetsiub8WViUchdxl/KWHHB0kzA==
  dependencies:
    function-bind "^1.1.1"
    has-bigints "^1.0.0"
    has-symbols "^1.0.0"
    which-boxed-primitive "^1.0.1"

which-boxed-primitive@^1.0.1:
  version "1.0.2"
  resolved "https://registry.yarnpkg.com/which-boxed-primitive/-/which-boxed-primitive-1.0.2.tgz#13757bc89b209b049fe5d86430e21cf40a89a8e6"
  integrity sha512-bwZdv0AKLpplFY2KZRX6TvyuN7ojjr7lwkg6ml0roIy9YeuSr7JS372qlNW18UQYzgYK9ziGcerWqZOmEn9VNg==
  dependencies:
    is-bigint "^1.0.1"
    is-boolean-object "^1.1.0"
    is-number-object "^1.0.4"
    is-string "^1.0.5"
    is-symbol "^1.0.3"
